
Microsoft Visual Studio Solution File, Format Version 12.00
# Visual Studio Version 17
VisualStudioVersion = 17.3.32804.467
MinimumVisualStudioVersion = 10.0.40219.1
Project("{2150E333-8FDC-42A3-9474-1A3956D46DE8}") = "Src", "Src", "{5BDF5BA7-EC1A-470F-8A5E-42BC96861D50}"
EndProject
Project("{2150E333-8FDC-42A3-9474-1A3956D46DE8}") = "Doc", "Doc", "{F6CA2184-9F3B-4F2F-B071-149D03C4688E}"
EndProject
Project("{2150E333-8FDC-42A3-9474-1A3956D46DE8}") = "Test", "Test", "{B0FE73E9-C1D7-45AB-9DC5-D94ECAC8DAAC}"
EndProject
Project("{FAE04EC0-301F-11D3-BF4B-00C04F79EFBC}") = "Store.EndPoint", "Store.EndPoint\Store.EndPoint.csproj", "{37B926AC-D8BA-49CB-B879-FAD543908D55}"
EndProject
Project("{2150E333-8FDC-42A3-9474-1A3956D46DE8}") = "Presentation", "Presentation", "{C2AD31B3-82D7-4C69-8403-9EC013919E56}"
EndProject
Project("{2150E333-8FDC-42A3-9474-1A3956D46DE8}") = "Infrastructure", "Infrastructure", "{948D1C17-3A4A-479A-8E1F-4E88927F76D4}"
EndProject
Project("{2150E333-8FDC-42A3-9474-1A3956D46DE8}") = "Common", "Common", "{C5383BBF-DE67-4276-B392-B771F8DA726E}"
EndProject
Project("{FAE04EC0-301F-11D3-BF4B-00C04F79EFBC}") = "Store.Application", "Store.Application\Store.Application.csproj", "{E1228292-CB17-4355-8DFC-5FE6B89B3C39}"
EndProject
Project("{FAE04EC0-301F-11D3-BF4B-00C04F79EFBC}") = "Store.Common", "Store.Common\Store.Common.csproj", "{D2874515-4DA1-47A7-AE5B-AE593E51B16F}"
EndProject
Project("{FAE04EC0-301F-11D3-BF4B-00C04F79EFBC}") = "Store.Domain", "Store.Domain\Store.Domain.csproj", "{0861FBC6-87C0-4F13-8308-F49E4B931327}"
EndProject
Project("{FAE04EC0-301F-11D3-BF4B-00C04F79EFBC}") = "Store.Infrastructure", "Store.Infrastructure\Store.Infrastructure.csproj", "{D2330BA8-E96C-4738-9A03-6227AC21985B}"
EndProject
Project("{FAE04EC0-301F-11D3-BF4B-00C04F79EFBC}") = "Store.Persistance", "Store.Persistance\Store.Persistance.csproj", "{FD8AE757-37F5-414D-AC6E-DC3FCE5A7A92}"
EndProject
Project("{2150E333-8FDC-42A3-9474-1A3956D46DE8}") = "Core", "Core", "{465831BB-AF3D-402F-834E-32FFD0AB0A82}"
EndProject
Global
	GlobalSection(SolutionConfigurationPlatforms) = preSolution
		Debug|Any CPU = Debug|Any CPU
		Release|Any CPU = Release|Any CPU
	EndGlobalSection
	GlobalSection(ProjectConfigurationPlatforms) = postSolution
		{37B926AC-D8BA-49CB-B879-FAD543908D55}.Debug|Any CPU.ActiveCfg = Debug|Any CPU
		{37B926AC-D8BA-49CB-B879-FAD543908D55}.Debug|Any CPU.Build.0 = Debug|Any CPU
		{37B926AC-D8BA-49CB-B879-FAD543908D55}.Release|Any CPU.ActiveCfg = Release|Any CPU
		{37B926AC-D8BA-49CB-B879-FAD543908D55}.Release|Any CPU.Build.0 = Release|Any CPU
		{E1228292-CB17-4355-8DFC-5FE6B89B3C39}.Debug|Any CPU.ActiveCfg = Debug|Any CPU
		{E1228292-CB17-4355-8DFC-5FE6B89B3C39}.Debug|Any CPU.Build.0 = Debug|Any CPU
		{E1228292-CB17-4355-8DFC-5FE6B89B3C39}.Release|Any CPU.ActiveCfg = Release|Any CPU
		{E1228292-CB17-4355-8DFC-5FE6B89B3C39}.Release|Any CPU.Build.0 = Release|Any CPU
		{D2874515-4DA1-47A7-AE5B-AE593E51B16F}.Debug|Any CPU.ActiveCfg = Debug|Any CPU
		{D2874515-4DA1-47A7-AE5B-AE593E51B16F}.Debug|Any CPU.Build.0 = Debug|Any CPU
		{D2874515-4DA1-47A7-AE5B-AE593E51B16F}.Release|Any CPU.ActiveCfg = Release|Any CPU
		{D2874515-4DA1-47A7-AE5B-AE593E51B16F}.Release|Any CPU.Build.0 = Release|Any CPU
		{0861FBC6-87C0-4F13-8308-F49E4B931327}.Debug|Any CPU.ActiveCfg = Debug|Any CPU
		{0861FBC6-87C0-4F13-8308-F49E4B931327}.Debug|Any CPU.Build.0 = Debug|Any CPU
		{0861FBC6-87C0-4F13-8308-F49E4B931327}.Release|Any CPU.ActiveCfg = Release|Any CPU
		{0861FBC6-87C0-4F13-8308-F49E4B931327}.Release|Any CPU.Build.0 = Release|Any CPU
		{D2330BA8-E96C-4738-9A03-6227AC21985B}.Debug|Any CPU.ActiveCfg = Debug|Any CPU
		{D2330BA8-E96C-4738-9A03-6227AC21985B}.Debug|Any CPU.Build.0 = Debug|Any CPU
		{D2330BA8-E96C-4738-9A03-6227AC21985B}.Release|Any CPU.ActiveCfg = Release|Any CPU
		{D2330BA8-E96C-4738-9A03-6227AC21985B}.Release|Any CPU.Build.0 = Release|Any CPU
		{FD8AE757-37F5-414D-AC6E-DC3FCE5A7A92}.Debug|Any CPU.ActiveCfg = Debug|Any CPU
		{FD8AE757-37F5-414D-AC6E-DC3FCE5A7A92}.Debug|Any CPU.Build.0 = Debug|Any CPU
		{FD8AE757-37F5-414D-AC6E-DC3FCE5A7A92}.Release|Any CPU.ActiveCfg = Release|Any CPU
		{FD8AE757-37F5-414D-AC6E-DC3FCE5A7A92}.Release|Any CPU.Build.0 = Release|Any CPU
	EndGlobalSection
	GlobalSection(SolutionProperties) = preSolution
		HideSolutionNode = FALSE
	EndGlobalSection
	GlobalSection(NestedProjects) = preSolution
		{37B926AC-D8BA-49CB-B879-FAD543908D55} = {C2AD31B3-82D7-4C69-8403-9EC013919E56}
		{C2AD31B3-82D7-4C69-8403-9EC013919E56} = {5BDF5BA7-EC1A-470F-8A5E-42BC96861D50}
		{948D1C17-3A4A-479A-8E1F-4E88927F76D4} = {5BDF5BA7-EC1A-470F-8A5E-42BC96861D50}
		{C5383BBF-DE67-4276-B392-B771F8DA726E} = {5BDF5BA7-EC1A-470F-8A5E-42BC96861D50}
		{E1228292-CB17-4355-8DFC-5FE6B89B3C39} = {465831BB-AF3D-402F-834E-32FFD0AB0A82}
		{D2874515-4DA1-47A7-AE5B-AE593E51B16F} = {C5383BBF-DE67-4276-B392-B771F8DA726E}
		{0861FBC6-87C0-4F13-8308-F49E4B931327} = {465831BB-AF3D-402F-834E-32FFD0AB0A82}
		{D2330BA8-E96C-4738-9A03-6227AC21985B} = {948D1C17-3A4A-479A-8E1F-4E88927F76D4}
		{FD8AE757-37F5-414D-AC6E-DC3FCE5A7A92} = {948D1C17-3A4A-479A-8E1F-4E88927F76D4}
		{465831BB-AF3D-402F-834E-32FFD0AB0A82} = {5BDF5BA7-EC1A-470F-8A5E-42BC96861D50}
	EndGlobalSection
	GlobalSection(ExtensibilityGlobals) = postSolution
		SolutionGuid = {FE2259F9-5E1C-47E7-87EE-420DA87AD20B}
	EndGlobalSection
EndGlobal
